task_id: chamfer_block
family: feature_coverage
pillar: modify
split: dev
difficulty: 2
provenance: hand_authored
prompt: |
  Chamfer the four vertical edges of a 40x40x10mm block by 3mm.
checks:
  - {name: schema_valid, verifier: tier0.schema, kind: gate}
  - {name: single_solid, verifier: tier1.single_solid, kind: gate}
  - {name: watertight, verifier: tier1.watertight, kind: gate}
  - {name: rebuild_deterministic, verifier: tier1.rebuild_deterministic, kind: gate}
timeout_s: 120
